Microsoft Visual Studio Solution File, Format Version 12.00
# Visual Studio 2012
Project("{FAE04EC0-301F-11D3-BF4B-00C04F79EFBC}") = "project2_2Dplatformer", "project2_2Dplatformer.csproj", "{E12A1451-C928-4EFA-AB2B-A798E3665662}"
EndProject
Global
	GlobalSection(SolutionConfigurationPlatforms) = preSolution
	Debug|Any CPU = Debug|Any CPU
	ExportDebug|Any CPU = ExportDebug|Any CPU
	ExportRelease|Any CPU = ExportRelease|Any CPU
	EndGlobalSection
	GlobalSection(ProjectConfigurationPlatforms) = postSolution
		{E12A1451-C928-4EFA-AB2B-A798E3665662}.Debug|Any CPU.ActiveCfg = Debug|Any CPU
		{E12A1451-C928-4EFA-AB2B-A798E3665662}.Debug|Any CPU.Build.0 = Debug|Any CPU
		{E12A1451-C928-4EFA-AB2B-A798E3665662}.ExportDebug|Any CPU.ActiveCfg = ExportDebug|Any CPU
		{E12A1451-C928-4EFA-AB2B-A798E3665662}.ExportDebug|Any CPU.Build.0 = ExportDebug|Any CPU
		{E12A1451-C928-4EFA-AB2B-A798E3665662}.ExportRelease|Any CPU.ActiveCfg = ExportRelease|Any CPU
		{E12A1451-C928-4EFA-AB2B-A798E3665662}.ExportRelease|Any CPU.Build.0 = ExportRelease|Any CPU
	EndGlobalSection
EndGlobal
